
Microsoft Visual Studio Solution File, Format Version 12.00
# Visual Studio Version 17
VisualStudioVersion = 17.11.35208.52
MinimumVisualStudioVersion = 10.0.40219.1
Project("{FAE04EC0-301F-11D3-BF4B-00C04F79EFBC}") = "KBMHttpService", "KBMHttpService\KBMHttpService.csproj", "{EDEF7E61-8F46-4949-BA39-52258B139E83}"
EndProject
Global
	GlobalSection(SolutionConfigurationPlatforms) = preSolution
		Debug|Any CPU = Debug|Any CPU
		Release|Any CPU = Release|Any CPU
	EndGlobalSection
	GlobalSection(ProjectConfigurationPlatforms) = postSolution
		{EDEF7E61-8F46-4949-BA39-52258B139E83}.Debug|Any CPU.ActiveCfg = Debug|Any CPU
		{EDEF7E61-8F46-4949-BA39-52258B139E83}.Debug|Any CPU.Build.0 = Debug|Any CPU
		{EDEF7E61-8F46-4949-BA39-52258B139E83}.Release|Any CPU.ActiveCfg = Release|Any CPU
		{EDEF7E61-8F46-4949-BA39-52258B139E83}.Release|Any CPU.Build.0 = Release|Any CPU
	EndGlobalSection
	GlobalSection(SolutionProperties) = preSolution
		HideSolutionNode = FALSE
	EndGlobalSection
	GlobalSection(ExtensibilityGlobals) = postSolution
		SolutionGuid = {5C081FD8-CF13-4850-9BF4-4DDDAA608050}
	EndGlobalSection
EndGlobal
